{
  "name": "nuxt-app",
  "lockfileVersion": 3,
  "requires": true,
  "packages": {
    "": {
      "dependencies": {
        "@primevue/themes": "^4.0.7"
      }
    },
    "node_modules/@primeuix/styled": {
      "version": "0.0.5",
      "resolved": "https://registry.npmjs.org/@primeuix/styled/-/styled-0.0.5.tgz",
      "integrity": "sha512-pVoGn/uPkVm/DyF3TR3EmH/pL/dP4nR42FcYbVduFq9VfO3KVeOEqvcCULHXos66RZO9MCbCFUoLy6ctf9GUGQ==",
      "dependencies": {
        "@primeuix/utils": "^0.0.5"
      },
      "engines": {
        "node": ">=12.11.0"
      }
    },
    "node_modules/@primeuix/utils": {
      "version": "0.0.5",
      "resolved": "https://registry.npmjs.org/@primeuix/utils/-/utils-0.0.5.tgz",
      "integrity": "sha512-ntUiUgtRtkF8KuaxHffzhYxQxoXk6LAPHm7CVlFjdqS8Rx8xRkLkZVyo84E+pO2hcNFkOGVP/GxHhQ2s94O8zA==",
      "engines": {
        "node": ">=12.11.0"
      }
    },
    "node_modules/@primevue/themes": {
      "version": "4.0.7",
      "resolved": "https://registry.npmjs.org/@primevue/themes/-/themes-4.0.7.tgz",
      "integrity": "sha512-ZbDUrpBmtuqdeegNwUaJTubaLDBBJWOc4Z6UoQM3DG2c7EAE19wQbuh+cG9zqA7sT/Xsp+ACC/Z9e4FnfqB55g==",
      "dependencies": {
        "@primeuix/styled": "^0.0.5"
      },
      "engines": {
        "node": ">=12.11.0"
      }
    }
  }
}
